
Microsoft Visual Studio Solution File, Format Version 12.00
# Visual Studio Version 17
VisualStudioVersion = 17.6.33815.320
MinimumVisualStudioVersion = 10.0.40219.1
Project("{FAE04EC0-301F-11D3-BF4B-00C04F79EFBC}") = "BAITAP_QUANLYTRANGTRAI", "BAITAP_QUANLYTRANGTRAI\BAITAP_QUANLYTRANGTRAI.csproj", "{6875F718-CCB8-4BF2-A8F4-BCDA991B2A66}"
EndProject
Global
	GlobalSection(SolutionConfigurationPlatforms) = preSolution
		Debug|Any CPU = Debug|Any CPU
		Release|Any CPU = Release|Any CPU
	EndGlobalSection
	GlobalSection(ProjectConfigurationPlatforms) = postSolution
		{6875F718-CCB8-4BF2-A8F4-BCDA991B2A66}.Debug|Any CPU.ActiveCfg = Debug|Any CPU
		{6875F718-CCB8-4BF2-A8F4-BCDA991B2A66}.Debug|Any CPU.Build.0 = Debug|Any CPU
		{6875F718-CCB8-4BF2-A8F4-BCDA991B2A66}.Release|Any CPU.ActiveCfg = Release|Any CPU
		{6875F718-CCB8-4BF2-A8F4-BCDA991B2A66}.Release|Any CPU.Build.0 = Release|Any CPU
	EndGlobalSection
	GlobalSection(SolutionProperties) = preSolution
		HideSolutionNode = FALSE
	EndGlobalSection
	GlobalSection(ExtensibilityGlobals) = postSolution
		SolutionGuid = {80E19474-4756-4D2D-A938-2DE8EA41E163}
	EndGlobalSection
EndGlobal
